# Generated by move; do not edit
# This file should be checked in.

[move]
version = 4

[pinned.testnet_stillness.MoveStdlib]
source = { git = "https://github.com/MystenLabs/sui.git", subdir = "crates/sui-framework/packages/move-stdlib", rev = "b0535f1f3a3310e71790e90d8ae4e8ca840c897e" }
use_environment = "testnet_stillness"
manifest_digest = "C4FE4C91DE74CBF223B2E380AE40F592177D21870DC2D7EB6227D2D694E05363"
deps = {}

[pinned.testnet_stillness.MoveStdlib_1]
source = { git = "https://github.com/MystenLabs/sui.git", subdir = "crates/sui-framework/packages/move-stdlib", rev = "ceaaff1cc84c1ba2f12c4e7928914ece81fbdd0f" }
use_environment = "testnet_stillness"
manifest_digest = "C4FE4C91DE74CBF223B2E380AE40F592177D21870DC2D7EB6227D2D694E05363"
deps = {}

[pinned.testnet_stillness.Sui]
source = { git = "https://github.com/MystenLabs/sui.git", subdir = "crates/sui-framework/packages/sui-framework", rev = "b0535f1f3a3310e71790e90d8ae4e8ca840c897e" }
use_environment = "testnet_stillness"
manifest_digest = "38D8855849DF7CA0FAD3B9510DD9EC3755149F5B283E45CA6547194ADFF90D73"
deps = { MoveStdlib = "MoveStdlib" }

[pinned.testnet_stillness.Sui_1]
source = { git = "https://github.com/MystenLabs/sui.git", subdir = "crates/sui-framework/packages/sui-framework", rev = "ceaaff1cc84c1ba2f12c4e7928914ece81fbdd0f" }
use_environment = "testnet_stillness"
manifest_digest = "38D8855849DF7CA0FAD3B9510DD9EC3755149F5B283E45CA6547194ADFF90D73"
deps = { MoveStdlib = "MoveStdlib_1" }

[pinned.testnet_stillness.armature]
source = { git = "https://github.com/loash-industries/armature.git", subdir = "packages/armature_framework", rev = "ae60685f888ac5dd4d24413fb989002ef5315c74" }
use_environment = "testnet_stillness"
manifest_digest = "16363423CD37589C5B9A56E3F9E984FED988276E0134635135B45CB4480A9484"
deps = { std = "MoveStdlib", sui = "Sui" }

[pinned.testnet_stillness.armature_trading]
source = { root = true }
use_environment = "testnet_stillness"
manifest_digest = "2D0595CFC58BF27FC5A6CD5ABC2FE01410704EBE6CF733E18663CCAA625BBF7A"
deps = { armature = "armature", armature_vault = "armature_vault", multicoin = "multicoin", std = "MoveStdlib", sui = "Sui", triex = "triex" }

[pinned.testnet_stillness.armature_vault]
source = { git = "https://github.com/Algorithmic-Warfare/armature-vault.git", subdir = "packages/armature_vault", rev = "3e80649b41c85704845f43e316525aff4a3a745e" }
use_environment = "testnet_stillness"
manifest_digest = "82D81875635B847D31C71939D2EC53838362B56FF06DAB7996F585C49A86261F"
deps = { armature = "armature", multicoin = "multicoin", std = "MoveStdlib", sui = "Sui", warehouse_receipts = "warehouse_receipts", world = "world" }

[pinned.testnet_stillness.multicoin]
source = { git = "https://github.com/Algorithmic-Warfare/multicoin", subdir = "packages/multicoin", rev = "2772c26d24c02671726d39f167b8f772777875d9" }
use_environment = "testnet_stillness"
manifest_digest = "F9E9049D3BBD97DDD059B97AA23436FCF53B91042015F80D4B5593407FD6A1F8"
deps = { Sui = "Sui_1" }

[pinned.testnet_stillness.token]
source = { git = "https://github.com/loash-industries/trinary-exchange.git", subdir = "packages/token", rev = "634f41e0b6ec3e59dda4be15d17b615c0c5d48d6" }
use_environment = "testnet_stillness"
manifest_digest = "16363423CD37589C5B9A56E3F9E984FED988276E0134635135B45CB4480A9484"
deps = { std = "MoveStdlib", sui = "Sui" }

[pinned.testnet_stillness.triex]
source = { git = "https://github.com/loash-industries/trinary-exchange.git", subdir = "packages/triex", rev = "634f41e0b6ec3e59dda4be15d17b615c0c5d48d6" }
use_environment = "testnet_stillness"
manifest_digest = "835FE8BDE3667D6657EBADF174E9A70AE89B8DB6DEE61C0F84BF0A8327387E0B"
deps = { multicoin = "multicoin", std = "MoveStdlib", sui = "Sui", token = "token" }

[pinned.testnet_stillness.warehouse_receipts]
source = { git = "https://github.com/loash-industries/warehouse-receipts.git", subdir = "packages/contracts", rev = "212be7c5ee1ee8bca55305e86e1ae549df78c279" }
use_environment = "testnet_stillness"
manifest_digest = "EBA158B43BC72D8D7383A9F53ACD1F4C67E5F081C220FBFD5A298D8844FBF0C7"
deps = { multicoin = "multicoin", std = "MoveStdlib", sui = "Sui", world = "world" }

[pinned.testnet_stillness.world]
source = { git = "https://github.com/evefrontier/world-contracts.git", subdir = "contracts/world", rev = "d33ff232bd3878e8f9ad0721e18564b21facc925" }
use_environment = "testnet_stillness"
manifest_digest = "16363423CD37589C5B9A56E3F9E984FED988276E0134635135B45CB4480A9484"
deps = { std = "MoveStdlib", sui = "Sui" }
