# Generated by move; do not edit
# This file should be checked in.

[move]
version = 4

[pinned.testnet_stillness.MoveStdlib]
source = { git = "https://github.com/MystenLabs/sui.git", subdir = "crates/sui-framework/packages/move-stdlib", rev = "367fd808279bed26f7c64fc63160062a2ee29ab7" }
use_environment = "testnet_stillness"
manifest_digest = "C4FE4C91DE74CBF223B2E380AE40F592177D21870DC2D7EB6227D2D694E05363"
deps = {}

[pinned.testnet_stillness.Sui]
source = { git = "https://github.com/MystenLabs/sui.git", subdir = "crates/sui-framework/packages/sui-framework", rev = "367fd808279bed26f7c64fc63160062a2ee29ab7" }
use_environment = "testnet_stillness"
manifest_digest = "38D8855849DF7CA0FAD3B9510DD9EC3755149F5B283E45CA6547194ADFF90D73"
deps = { MoveStdlib = "MoveStdlib" }

[pinned.testnet_stillness.armature]
source = { local = "/tmp/af_probe/armature_framework" }
use_environment = "testnet_stillness"
manifest_digest = "20488E59B0BE86E9BB0EE462C12F64453AEE63F7C6F23DE29F36B08B38A49123"
deps = { multicoin = "multicoin", std = "MoveStdlib", sui = "Sui" }

[pinned.testnet_stillness.armature_trading]
source = { root = true }
use_environment = "testnet_stillness"
manifest_digest = "BD20B0AF5AB9E373DE592C4BFFB89E11C74C9B27C3E7A910960CEAE334208908"
deps = { armature = "armature", multicoin = "multicoin_1", std = "MoveStdlib", sui = "Sui", triexbook = "triexbook" }

[pinned.testnet_stillness.multicoin]
source = { git = "https://github.com/Algorithmic-Warfare/multicoin", subdir = "packages/multicoin", rev = "c7a97f2f42ffbddbe2d44686cbc9eebd1810b8d6" }
use_environment = "testnet_stillness"
manifest_digest = "16363423CD37589C5B9A56E3F9E984FED988276E0134635135B45CB4480A9484"
deps = { std = "MoveStdlib", sui = "Sui" }

[pinned.testnet_stillness.multicoin_1]
source = { git = "https://github.com/Algorithmic-Warfare/multicoin.git", subdir = "packages/multicoin", rev = "c7a97f2f42ffbddbe2d44686cbc9eebd1810b8d6" }
use_environment = "testnet_stillness"
manifest_digest = "16363423CD37589C5B9A56E3F9E984FED988276E0134635135B45CB4480A9484"
deps = { std = "MoveStdlib", sui = "Sui" }

[pinned.testnet_stillness.token]
source = { git = "https://github.com/loash-industries/triex-book.git", subdir = "packages/token", rev = "7630922672b50a1596d354c93e20208191520c22" }
use_environment = "testnet_stillness"
manifest_digest = "16363423CD37589C5B9A56E3F9E984FED988276E0134635135B45CB4480A9484"
deps = { std = "MoveStdlib", sui = "Sui" }

[pinned.testnet_stillness.triexbook]
source = { git = "https://github.com/loash-industries/triex-book.git", subdir = "packages/triexbook", rev = "7630922672b50a1596d354c93e20208191520c22" }
use_environment = "testnet_stillness"
manifest_digest = "7E90EF1DD88BBD3644604DB69CB16E6C48E126B69766CC41B0634C90C95DE7A4"
deps = { multicoin = "multicoin_1", std = "MoveStdlib", sui = "Sui", token = "token" }
