# Generated by move; do not edit
# This file should be checked in.

[move]
version = 4

[pinned.testnet.MoveStdlib]
source = { git = "https://github.com/MystenLabs/sui.git", subdir = "crates/sui-framework/packages/move-stdlib", rev = "c2428b3aaf9c24270b609001e56d96cb10c76d28" }
use_environment = "testnet"
manifest_digest = "C4FE4C91DE74CBF223B2E380AE40F592177D21870DC2D7EB6227D2D694E05363"
deps = {}

[pinned.testnet.Sui]
source = { git = "https://github.com/MystenLabs/sui.git", subdir = "crates/sui-framework/packages/sui-framework", rev = "c2428b3aaf9c24270b609001e56d96cb10c76d28" }
use_environment = "testnet"
manifest_digest = "7AFB66695545775FBFBB2D3078ADFD084244D5002392E837FDE21D9EA1C6D01C"
deps = { MoveStdlib = "MoveStdlib" }

[pinned.testnet.armature]
source = { git = "https://github.com/loash-industries/armature.git", subdir = "packages/armature_framework", rev = "2d799787a73f200b929f85e20c16598863789aa7" }
use_environment = "testnet"
manifest_digest = "07C777FEDDDF1D42F1E0666391599FFC821C6055D4D36D37B628251C90946D3B"
deps = { multicoin = "multicoin", std = "MoveStdlib", sui = "Sui" }

[pinned.testnet.armature_trading]
source = { root = true }
use_environment = "testnet"
manifest_digest = "2FA3B5CEB32501F00831C6838208D457A56D73C6AF4AA556AD7F79A62140F032"
deps = { armature = "armature", multicoin = "multicoin", std = "MoveStdlib", sui = "Sui", token = "token", triexbook = "triexbook" }

[pinned.testnet.multicoin]
source = { git = "https://github.com/Algorithmic-Warfare/multicoin", subdir = "packages/multicoin", rev = "330d339336f2b62ae216fb7398dbbf165bdb3c3f" }
use_environment = "testnet"
manifest_digest = "5745706258F61D6CE210904B3E6AE87A73CE9D31A6F93BE4718C442529332A87"
deps = { std = "MoveStdlib", sui = "Sui" }

[pinned.testnet.token]
source = { git = "https://github.com/loash-industries/triex-book.git", subdir = "packages/token", rev = "afe48366eb3c60c9f924b0bcd51376bdf67c5648" }
use_environment = "testnet"
manifest_digest = "5745706258F61D6CE210904B3E6AE87A73CE9D31A6F93BE4718C442529332A87"
deps = { std = "MoveStdlib", sui = "Sui" }

[pinned.testnet.triexbook]
source = { git = "https://github.com/loash-industries/triex-book.git", subdir = "packages/triexbook", rev = "afe48366eb3c60c9f924b0bcd51376bdf67c5648" }
use_environment = "testnet"
manifest_digest = "08E4B90AAD4666BDA7F293A04083167AB2BFF31F067F127FFE526165978B0294"
deps = { multicoin = "multicoin", std = "MoveStdlib", sui = "Sui", token = "token" }

[pinned.testnet_wip.MoveStdlib]
source = { git = "https://github.com/MystenLabs/sui.git", subdir = "crates/sui-framework/packages/move-stdlib", rev = "718ae563a42fb4ba0d055588f81c704dcef58c25" }
use_environment = "testnet_wip"
manifest_digest = "C4FE4C91DE74CBF223B2E380AE40F592177D21870DC2D7EB6227D2D694E05363"
deps = {}

[pinned.testnet_wip.Sui]
source = { git = "https://github.com/MystenLabs/sui.git", subdir = "crates/sui-framework/packages/sui-framework", rev = "718ae563a42fb4ba0d055588f81c704dcef58c25" }
use_environment = "testnet_wip"
manifest_digest = "28356E8C7042E1BCC8404F5FA3CEA0D71945B2718D66C5B565A19C0E0FF13513"
deps = { MoveStdlib = "MoveStdlib" }

[pinned.testnet_wip.armature]
source = { git = "https://github.com/loash-industries/armature.git", subdir = "packages/armature_framework", rev = "2d799787a73f200b929f85e20c16598863789aa7" }
use_environment = "testnet_wip"
manifest_digest = "306DB424E40403128B606D0D2BFA07B203031A596637F1043B165D5F0BEA1255"
deps = { multicoin = "multicoin", std = "MoveStdlib", sui = "Sui" }

[pinned.testnet_wip.armature_trading]
source = { root = true }
use_environment = "testnet_wip"
manifest_digest = "82EA1D1EEF57098DB2D1847070F98F9CFC0F77FDF49E15CB95AD8BCC49B267B2"
deps = { armature = "armature", multicoin = "multicoin", std = "MoveStdlib", sui = "Sui", token = "token", triexbook = "triexbook" }

[pinned.testnet_wip.multicoin]
source = { git = "https://github.com/Algorithmic-Warfare/multicoin", subdir = "packages/multicoin", rev = "330d339336f2b62ae216fb7398dbbf165bdb3c3f" }
use_environment = "testnet_wip"
manifest_digest = "D348BEDDD6FFFF67DF5CB640D02150D6B88DD7F9BAE074A0CED9BC3CB5BFD521"
deps = { std = "MoveStdlib", sui = "Sui" }

[pinned.testnet_wip.token]
source = { git = "https://github.com/loash-industries/triex-book.git", subdir = "packages/token", rev = "afe48366eb3c60c9f924b0bcd51376bdf67c5648" }
use_environment = "testnet_wip"
manifest_digest = "D348BEDDD6FFFF67DF5CB640D02150D6B88DD7F9BAE074A0CED9BC3CB5BFD521"
deps = { std = "MoveStdlib", sui = "Sui" }

[pinned.testnet_wip.triexbook]
source = { git = "https://github.com/loash-industries/triex-book.git", subdir = "packages/triexbook", rev = "afe48366eb3c60c9f924b0bcd51376bdf67c5648" }
use_environment = "testnet_wip"
manifest_digest = "D97E76D5BED6C7440F7464AADE8B99E6224690F3D54EF791697D529D2244ED22"
deps = { multicoin = "multicoin", std = "MoveStdlib", sui = "Sui", token = "token" }
